// !$*UTF8*$!
{
	archiveVersion = 1;
	classes = {
	};
	objectVersion = 46;
	objects = {

/* Begin PBXBuildFile section */
		FA678C5F1E0E6B9000EFD8BB /* dir.c in Sources */ = {isa = PBXBuildFile; fileRef = FA678C531E0E6B9000EFD8BB /* dir.c */; };
		FA678C601E0E6B9000EFD8BB /* err.c in Sources */ = {isa = PBXBuildFile; fileRef = FA678C541E0E6B9000EFD8BB /* err.c */; };
		FA678C611E0E6B9000EFD8BB /* fetch.c in Sources */ = {isa = PBXBuildFile; fileRef = FA678C551E0E6B9000EFD8BB /* fetch.c */; };
		FA678C621E0E6B9000EFD8BB /* file.c in Sources */ = {isa = PBXBuildFile; fileRef = FA678C561E0E6B9000EFD8BB /* file.c */; };
		FA678C631E0E6B9000EFD8BB /* fseeko.c in Sources */ = {isa = PBXBuildFile; fileRef = FA678C571E0E6B9000EFD8BB /* fseeko.c */; };
		FA678C641E0E6B9000EFD8BB /* info.c in Sources */ = {isa = PBXBuildFile; fileRef = FA678C581E0E6B9000EFD8BB /* info.c */; };
		FA678C651E0E6B9000EFD8BB /* memdisk.c in Sources */ = {isa = PBXBuildFile; fileRef = FA678C591E0E6B9000EFD8BB /* memdisk.c */; };
		FA678C661E0E6B9000EFD8BB /* mmapped.c in Sources */ = {isa = PBXBuildFile; fileRef = FA678C5A1E0E6B9000EFD8BB /* mmapped.c */; };
		FA678C671E0E6B9000EFD8BB /* plugin.c in Sources */ = {isa = PBXBuildFile; fileRef = FA678C5B1E0E6B9000EFD8BB /* plugin.c */; };
		FA678C681E0E6B9000EFD8BB /* stat.c in Sources */ = {isa = PBXBuildFile; fileRef = FA678C5C1E0E6B9000EFD8BB /* stat.c */; };
		FA678C691E0E6B9000EFD8BB /* write.c in Sources */ = {isa = PBXBuildFile; fileRef = FA678C5D1E0E6B9000EFD8BB /* write.c */; };
		FA678C6A1E0E6B9000EFD8BB /* zip.c in Sources */ = {isa = PBXBuildFile; fileRef = FA678C5E1E0E6B9000EFD8BB /* zip.c */; };
/* End PBXBuildFile section */

/* Begin PBXCopyFilesBuildPhase section */
		FA1EA9451E0B825F00A20EDB /* CopyFiles */ = {
			isa = PBXCopyFilesBuildPhase;
			buildActionMask = 2147483647;
			dstPath = "include/$(PRODUCT_NAME)";
			dstSubfolderSpec = 16;
			files = (
			);
			runOnlyForDeploymentPostprocessing = 0;
		};
/* End PBXCopyFilesBuildPhase section */

/* Begin PBXFileReference section */
		FA1EA9471E0B825F00A20EDB /* libzzip.a */ = {isa = PBXFileReference; explicitFileType = archive.ar; includeInIndex = 0; path = libzzip.a; sourceTree = BUILT_PRODUCTS_DIR; };
		FA678C531E0E6B9000EFD8BB /* dir.c */ = {isa = PBXFileReference; fileEncoding = 4; lastKnownFileType = sourcecode.c.c; path = dir.c; sourceTree = "<group>"; };
		FA678C541E0E6B9000EFD8BB /* err.c */ = {isa = PBXFileReference; fileEncoding = 4; lastKnownFileType = sourcecode.c.c; path = err.c; sourceTree = "<group>"; };
		FA678C551E0E6B9000EFD8BB /* fetch.c */ = {isa = PBXFileReference; fileEncoding = 4; lastKnownFileType = sourcecode.c.c; path = fetch.c; sourceTree = "<group>"; };
		FA678C561E0E6B9000EFD8BB /* file.c */ = {isa = PBXFileReference; fileEncoding = 4; lastKnownFileType = sourcecode.c.c; path = file.c; sourceTree = "<group>"; };
		FA678C571E0E6B9000EFD8BB /* fseeko.c */ = {isa = PBXFileReference; fileEncoding = 4; lastKnownFileType = sourcecode.c.c; path = fseeko.c; sourceTree = "<group>"; };
		FA678C581E0E6B9000EFD8BB /* info.c */ = {isa = PBXFileReference; fileEncoding = 4; lastKnownFileType = sourcecode.c.c; path = info.c; sourceTree = "<group>"; };
		FA678C591E0E6B9000EFD8BB /* memdisk.c */ = {isa = PBXFileReference; fileEncoding = 4; lastKnownFileType = sourcecode.c.c; path = memdisk.c; sourceTree = "<group>"; };
		FA678C5A1E0E6B9000EFD8BB /* mmapped.c */ = {isa = PBXFileReference; fileEncoding = 4; lastKnownFileType = sourcecode.c.c; path = mmapped.c; sourceTree = "<group>"; };
		FA678C5B1E0E6B9000EFD8BB /* plugin.c */ = {isa = PBXFileReference; fileEncoding = 4; lastKnownFileType = sourcecode.c.c; path = plugin.c; sourceTree = "<group>"; };
		FA678C5C1E0E6B9000EFD8BB /* stat.c */ = {isa = PBXFileReference; fileEncoding = 4; lastKnownFileType = sourcecode.c.c; path = stat.c; sourceTree = "<group>"; };
		FA678C5D1E0E6B9000EFD8BB /* write.c */ = {isa = PBXFileReference; fileEncoding = 4; lastKnownFileType = sourcecode.c.c; path = write.c; sourceTree = "<group>"; };
		FA678C5E1E0E6B9000EFD8BB /* zip.c */ = {isa = PBXFileReference; fileEncoding = 4; lastKnownFileType = sourcecode.c.c; path = zip.c; sourceTree = "<group>"; };
/* End PBXFileReference section */

/* Begin PBXFrameworksBuildPhase section */
		FA1EA9441E0B825F00A20EDB /* Frameworks */ = {
			isa = PBXFrameworksBuildPhase;
			buildActionMask = 2147483647;
			files = (
			);
			runOnlyForDeploymentPostprocessing = 0;
		};
/* End PBXFrameworksBuildPhase section */

/* Begin PBXGroup section */
		FA1EA93E1E0B825F00A20EDB = {
			isa = PBXGroup;
			children = (
				FA1EA9491E0B825F00A20EDB /* zzip */,
				FA1EA9481E0B825F00A20EDB /* Products */,
			);
			sourceTree = "<group>";
		};
		FA1EA9481E0B825F00A20EDB /* Products */ = {
			isa = PBXGroup;
			children = (
				FA1EA9471E0B825F00A20EDB /* libzzip.a */,
			);
			name = Products;
			sourceTree = "<group>";
		};
		FA1EA9491E0B825F00A20EDB /* zzip */ = {
			isa = PBXGroup;
			children = (
				FA678C531E0E6B9000EFD8BB /* dir.c */,
				FA678C541E0E6B9000EFD8BB /* err.c */,
				FA678C551E0E6B9000EFD8BB /* fetch.c */,
				FA678C561E0E6B9000EFD8BB /* file.c */,
				FA678C571E0E6B9000EFD8BB /* fseeko.c */,
				FA678C581E0E6B9000EFD8BB /* info.c */,
				FA678C591E0E6B9000EFD8BB /* memdisk.c */,
				FA678C5A1E0E6B9000EFD8BB /* mmapped.c */,
				FA678C5B1E0E6B9000EFD8BB /* plugin.c */,
				FA678C5C1E0E6B9000EFD8BB /* stat.c */,
				FA678C5D1E0E6B9000EFD8BB /* write.c */,
				FA678C5E1E0E6B9000EFD8BB /* zip.c */,
			);
			name = zzip;
			path = ../../../../../../Source/thirdparty/Zzip/zzip;
			sourceTree = "<group>";
		};
/* End PBXGroup section */

/* Begin PBXNativeTarget section */
		FA1EA9461E0B825F00A20EDB /* zzip */ = {
			isa = PBXNativeTarget;
			buildConfigurationList = FA1EA9501E0B825F00A20EDB /* Build configuration list for PBXNativeTarget "zzip" */;
			buildPhases = (
				FA1EA9431E0B825F00A20EDB /* Sources */,
				FA1EA9441E0B825F00A20EDB /* Frameworks */,
				FA1EA9451E0B825F00A20EDB /* CopyFiles */,
			);
			buildRules = (
			);
			dependencies = (
			);
			name = zzip;
			productName = zzip;
			productReference = FA1EA9471E0B825F00A20EDB /* libzzip.a */;
			productType = "com.apple.product-type.library.static";
		};
/* End PBXNativeTarget section */

/* Begin PBXProject section */
		FA1EA93F1E0B825F00A20EDB /* Project object */ = {
			isa = PBXProject;
			attributes = {
				LastUpgradeCheck = 0810;
				ORGANIZATIONNAME = "liu enbao";
				TargetAttributes = {
					FA1EA9461E0B825F00A20EDB = {
						CreatedOnToolsVersion = 8.1;
						ProvisioningStyle = Automatic;
					};
				};
			};
			buildConfigurationList = FA1EA9421E0B825F00A20EDB /* Build configuration list for PBXProject "zzip" */;
			compatibilityVersion = "Xcode 3.2";
			developmentRegion = English;
			hasScannedForEncodings = 0;
			knownRegions = (
				en,
			);
			mainGroup = FA1EA93E1E0B825F00A20EDB;
			productRefGroup = FA1EA9481E0B825F00A20EDB /* Products */;
			projectDirPath = "";
			projectRoot = "";
			targets = (
				FA1EA9461E0B825F00A20EDB /* zzip */,
			);
		};
/* End PBXProject section */

/* Begin PBXSourcesBuildPhase section */
		FA1EA9431E0B825F00A20EDB /* Sources */ = {
			isa = PBXSourcesBuildPhase;
			buildActionMask = 2147483647;
			files = (
				FA678C631E0E6B9000EFD8BB /* fseeko.c in Sources */,
				FA678C611E0E6B9000EFD8BB /* fetch.c in Sources */,
				FA678C5F1E0E6B9000EFD8BB /* dir.c in Sources */,
				FA678C601E0E6B9000EFD8BB /* err.c in Sources */,
				FA678C621E0E6B9000EFD8BB /* file.c in Sources */,
				FA678C681E0E6B9000EFD8BB /* stat.c in Sources */,
				FA678C651E0E6B9000EFD8BB /* memdisk.c in Sources */,
				FA678C671E0E6B9000EFD8BB /* plugin.c in Sources */,
				FA678C691E0E6B9000EFD8BB /* write.c in Sources */,
				FA678C6A1E0E6B9000EFD8BB /* zip.c in Sources */,
				FA678C661E0E6B9000EFD8BB /* mmapped.c in Sources */,
				FA678C641E0E6B9000EFD8BB /* info.c in Sources */,
			);
			runOnlyForDeploymentPostprocessing = 0;
		};
/* End PBXSourcesBuildPhase section */

/* Begin XCBuildConfiguration section */
		FA1EA94E1E0B825F00A20EDB /* Debug */ = {
			isa = XCBuildConfiguration;
			buildSettings = {
				ALWAYS_SEARCH_USER_PATHS = NO;
				CLANG_ANALYZER_NONNULL = YES;
				CLANG_CXX_LANGUAGE_STANDARD = "gnu++0x";
				CLANG_CXX_LIBRARY = "libc++";
				CLANG_ENABLE_MODULES = YES;
				CLANG_ENABLE_OBJC_ARC = YES;
				CLANG_WARN_BOOL_CONVERSION = YES;
				CLANG_WARN_CONSTANT_CONVERSION = YES;
				CLANG_WARN_DIRECT_OBJC_ISA_USAGE = YES_ERROR;
				CLANG_WARN_DOCUMENTATION_COMMENTS = YES;
				CLANG_WARN_EMPTY_BODY = YES;
				CLANG_WARN_ENUM_CONVERSION = YES;
				CLANG_WARN_INFINITE_RECURSION = YES;
				CLANG_WARN_INT_CONVERSION = YES;
				CLANG_WARN_OBJC_ROOT_CLASS = YES_ERROR;
				CLANG_WARN_SUSPICIOUS_MOVES = YES;
				CLANG_WARN_UNREACHABLE_CODE = YES;
				CLANG_WARN__DUPLICATE_METHOD_MATCH = YES;
				"CODE_SIGN_IDENTITY[sdk=iphoneos*]" = "iPhone Developer";
				COPY_PHASE_STRIP = NO;
				DEBUG_INFORMATION_FORMAT = dwarf;
				ENABLE_STRICT_OBJC_MSGSEND = YES;
				ENABLE_TESTABILITY = YES;
				GCC_C_LANGUAGE_STANDARD = gnu99;
				GCC_DYNAMIC_NO_PIC = NO;
				GCC_NO_COMMON_BLOCKS = YES;
				GCC_OPTIMIZATION_LEVEL = 0;
				GCC_PREPROCESSOR_DEFINITIONS = (
					"DEBUG=1",
					"$(inherited)",
				);
				GCC_WARN_64_TO_32_BIT_CONVERSION = YES;
				GCC_WARN_ABOUT_RETURN_TYPE = YES_ERROR;
				GCC_WARN_UNDECLARED_SELECTOR = YES;
				GCC_WARN_UNINITIALIZED_AUTOS = YES_AGGRESSIVE;
				GCC_WARN_UNUSED_FUNCTION = YES;
				GCC_WARN_UNUSED_VARIABLE = YES;
				IPHONEOS_DEPLOYMENT_TARGET = 8.0;
				MTL_ENABLE_DEBUG_INFO = YES;
				ONLY_ACTIVE_ARCH = YES;
				SDKROOT = iphoneos;
			};
			name = Debug;
		};
		FA1EA94F1E0B825F00A20EDB /* Release */ = {
			isa = XCBuildConfiguration;
			buildSettings = {
				ALWAYS_SEARCH_USER_PATHS = NO;
				CLANG_ANALYZER_NONNULL = YES;
				CLANG_CXX_LANGUAGE_STANDARD = "gnu++0x";
				CLANG_CXX_LIBRARY = "libc++";
				CLANG_ENABLE_MODULES = YES;
				CLANG_ENABLE_OBJC_ARC = YES;
				CLANG_WARN_BOOL_CONVERSION = YES;
				CLANG_WARN_CONSTANT_CONVERSION = YES;
				CLANG_WARN_DIRECT_OBJC_ISA_USAGE = YES_ERROR;
				CLANG_WARN_DOCUMENTATION_COMMENTS = YES;
				CLANG_WARN_EMPTY_BODY = YES;
				CLANG_WARN_ENUM_CONVERSION = YES;
				CLANG_WARN_INFINITE_RECURSION = YES;
				CLANG_WARN_INT_CONVERSION = YES;
				CLANG_WARN_OBJC_ROOT_CLASS = YES_ERROR;
				CLANG_WARN_SUSPICIOUS_MOVES = YES;
				CLANG_WARN_UNREACHABLE_CODE = YES;
				CLANG_WARN__DUPLICATE_METHOD_MATCH = YES;
				"CODE_SIGN_IDENTITY[sdk=iphoneos*]" = "iPhone Developer";
				COPY_PHASE_STRIP = NO;
				DEBUG_INFORMATION_FORMAT = "dwarf-with-dsym";
				ENABLE_NS_ASSERTIONS = NO;
				ENABLE_STRICT_OBJC_MSGSEND = YES;
				GCC_C_LANGUAGE_STANDARD = gnu99;
				GCC_NO_COMMON_BLOCKS = YES;
				GCC_WARN_64_TO_32_BIT_CONVERSION = YES;
				GCC_WARN_ABOUT_RETURN_TYPE = YES_ERROR;
				GCC_WARN_UNDECLARED_SELECTOR = YES;
				GCC_WARN_UNINITIALIZED_AUTOS = YES_AGGRESSIVE;
				GCC_WARN_UNUSED_FUNCTION = YES;
				GCC_WARN_UNUSED_VARIABLE = YES;
				IPHONEOS_DEPLOYMENT_TARGET = 8.0;
				MTL_ENABLE_DEBUG_INFO = NO;
				SDKROOT = iphoneos;
				VALIDATE_PRODUCT = YES;
			};
			name = Release;
		};
		FA1EA9511E0B825F00A20EDB /* Debug */ = {
			isa = XCBuildConfiguration;
			buildSettings = {
				HEADER_SEARCH_PATHS = "$(SOURCE_ROOT)/../../../../../../Source/thirdparty/Zzip";
				OTHER_LDFLAGS = "-ObjC";
				PRODUCT_NAME = "$(TARGET_NAME)";
				SKIP_INSTALL = YES;
			};
			name = Debug;
		};
		FA1EA9521E0B825F00A20EDB /* Release */ = {
			isa = XCBuildConfiguration;
			buildSettings = {
				HEADER_SEARCH_PATHS = "$(SOURCE_ROOT)/../../../../../../Source/thirdparty/Zzip";
				OTHER_LDFLAGS = "-ObjC";
				PRODUCT_NAME = "$(TARGET_NAME)";
				SKIP_INSTALL = YES;
			};
			name = Release;
		};
/* End XCBuildConfiguration section */

/* Begin XCConfigurationList section */
		FA1EA9421E0B825F00A20EDB /* Build configuration list for PBXProject "zzip" */ = {
			isa = XCConfigurationList;
			buildConfigurations = (
				FA1EA94E1E0B825F00A20EDB /* Debug */,
				FA1EA94F1E0B825F00A20EDB /* Release */,
			);
			defaultConfigurationIsVisible = 0;
			defaultConfigurationName = Release;
		};
		FA1EA9501E0B825F00A20EDB /* Build configuration list for PBXNativeTarget "zzip" */ = {
			isa = XCConfigurationList;
			buildConfigurations = (
				FA1EA9511E0B825F00A20EDB /* Debug */,
				FA1EA9521E0B825F00A20EDB /* Release */,
			);
			defaultConfigurationIsVisible = 0;
			defaultConfigurationName = Release;
		};
/* End XCConfigurationList section */
	};
	rootObject = FA1EA93F1E0B825F00A20EDB /* Project object */;
}
