// !$*UTF8*$!
{
	archiveVersion = 1;
	classes = {
	};
	objectVersion = 46;
	objects = {

/* Begin PBXBuildFile section */
		FA10129D1E0BDA1400D8715B /* OgrePlayerViewController.mm in Sources */ = {isa = PBXBuildFile; fileRef = FA10129C1E0BDA1400D8715B /* OgrePlayerViewController.mm */; };
		FA1012A01E0BDA3600D8715B /* OgrePlayer.mm in Sources */ = {isa = PBXBuildFile; fileRef = FA10129F1E0BDA3600D8715B /* OgrePlayer.mm */; };
		FA1012A41E0C058C00D8715B /* libogrecomponents.a in Frameworks */ = {isa = PBXBuildFile; fileRef = FA1010841E0BAD7F00D8715B /* libogrecomponents.a */; };
		FA1012A51E0C058C00D8715B /* libogremain.a in Frameworks */ = {isa = PBXBuildFile; fileRef = FA10108A1E0BAD8700D8715B /* libogremain.a */; };
		FA1012A61E0C058C00D8715B /* libogreplugins.a in Frameworks */ = {isa = PBXBuildFile; fileRef = FA1010901E0BAD8F00D8715B /* libogreplugins.a */; };
		FA1012A71E0C058C00D8715B /* libogrerendersystems.a in Frameworks */ = {isa = PBXBuildFile; fileRef = FA1010961E0BAD9700D8715B /* libogrerendersystems.a */; };
		FA1EA9911E0B832C00A20EDB /* libzzip.a in Frameworks */ = {isa = PBXBuildFile; fileRef = FA1EA9901E0B832400A20EDB /* libzzip.a */; };
		FA1EA9D81E0B858900A20EDB /* libois.a in Frameworks */ = {isa = PBXBuildFile; fileRef = FA1EA9C81E0B854D00A20EDB /* libois.a */; };
		FA1EAA001E0B907200A20EDB /* libfreetype.a in Frameworks */ = {isa = PBXBuildFile; fileRef = FA1EA9FD1E0B906300A20EDB /* libfreetype.a */; };
		FA1EAA7D1E0B95BA00A20EDB /* libfreeimage.a in Frameworks */ = {isa = PBXBuildFile; fileRef = FA1EAA781E0B959000A20EDB /* libfreeimage.a */; };
		FA1EB2DD1E0BAAD200A20EDB /* libmygui.a in Frameworks */ = {isa = PBXBuildFile; fileRef = FA1EB2DC1E0BAAC500A20EDB /* libmygui.a */; };
/* End PBXBuildFile section */

/* Begin PBXContainerItemProxy section */
		FA1010831E0BAD7F00D8715B /* PBXContainerItemProxy */ = {
			isa = PBXContainerItemProxy;
			containerPortal = FA10107F1E0BAD7F00D8715B /* ogrecomponents.xcodeproj */;
			proxyType = 2;
			remoteGlobalIDString = FA1EB0C01E0BA05400A20EDB;
			remoteInfo = ogrecomponents;
		};
		FA1010891E0BAD8700D8715B /* PBXContainerItemProxy */ = {
			isa = PBXContainerItemProxy;
			containerPortal = FA1010851E0BAD8600D8715B /* ogremain.xcodeproj */;
			proxyType = 2;
			remoteGlobalIDString = FA1EAEA11E0B9FE200A20EDB;
			remoteInfo = ogremain;
		};
		FA10108F1E0BAD8F00D8715B /* PBXContainerItemProxy */ = {
			isa = PBXContainerItemProxy;
			containerPortal = FA10108B1E0BAD8F00D8715B /* ogreplugins.xcodeproj */;
			proxyType = 2;
			remoteGlobalIDString = FA1EB0AB1E0BA04200A20EDB;
			remoteInfo = ogreplugins;
		};
		FA1010951E0BAD9700D8715B /* PBXContainerItemProxy */ = {
			isa = PBXContainerItemProxy;
			containerPortal = FA1010911E0BAD9700D8715B /* ogrerendersystems.xcodeproj */;
			proxyType = 2;
			remoteGlobalIDString = FA1EB0D51E0BA06200A20EDB;
			remoteInfo = ogrerendersystems;
		};
		FA1EA98F1E0B832400A20EDB /* PBXContainerItemProxy */ = {
			isa = PBXContainerItemProxy;
			containerPortal = FA1EA98B1E0B832400A20EDB /* zzip.xcodeproj */;
			proxyType = 2;
			remoteGlobalIDString = FA1EA9471E0B825F00A20EDB;
			remoteInfo = zzip;
		};
		FA1EA9C71E0B854D00A20EDB /* PBXContainerItemProxy */ = {
			isa = PBXContainerItemProxy;
			containerPortal = FA1EA9C31E0B854D00A20EDB /* ois.xcodeproj */;
			proxyType = 2;
			remoteGlobalIDString = FA1EA9B71E0B853600A20EDB;
			remoteInfo = ois;
		};
		FA1EA9FC1E0B906300A20EDB /* PBXContainerItemProxy */ = {
			isa = PBXContainerItemProxy;
			containerPortal = FA1EA9F81E0B906300A20EDB /* freetype.xcodeproj */;
			proxyType = 2;
			remoteGlobalIDString = FA1EA9EC1E0B905900A20EDB;
			remoteInfo = freetype;
		};
		FA1EAA771E0B959000A20EDB /* PBXContainerItemProxy */ = {
			isa = PBXContainerItemProxy;
			containerPortal = FA1EAA731E0B958F00A20EDB /* freeimage.xcodeproj */;
			proxyType = 2;
			remoteGlobalIDString = FA1EAA671E0B958400A20EDB;
			remoteInfo = freeimage;
		};
		FA1EB2DB1E0BAAC500A20EDB /* PBXContainerItemProxy */ = {
			isa = PBXContainerItemProxy;
			containerPortal = FA1EB2D71E0BAAC500A20EDB /* mygui.xcodeproj */;
			proxyType = 2;
			remoteGlobalIDString = FA1EB2CB1E0BAA9B00A20EDB;
			remoteInfo = mygui;
		};
/* End PBXContainerItemProxy section */

/* Begin PBXCopyFilesBuildPhase section */
		FA1EA9761E0B82F000A20EDB /* CopyFiles */ = {
			isa = PBXCopyFilesBuildPhase;
			buildActionMask = 2147483647;
			dstPath = "include/$(PRODUCT_NAME)";
			dstSubfolderSpec = 16;
			files = (
			);
			runOnlyForDeploymentPostprocessing = 0;
		};
/* End PBXCopyFilesBuildPhase section */

/* Begin PBXFileReference section */
		FA10107F1E0BAD7F00D8715B /* ogrecomponents.xcodeproj */ = {isa = PBXFileReference; lastKnownFileType = "wrapper.pb-project"; name = ogrecomponents.xcodeproj; path = Frameworks/ogre/ogrecomponents/ogrecomponents.xcodeproj; sourceTree = "<group>"; };
		FA1010851E0BAD8600D8715B /* ogremain.xcodeproj */ = {isa = PBXFileReference; lastKnownFileType = "wrapper.pb-project"; name = ogremain.xcodeproj; path = Frameworks/ogre/ogremain/ogremain.xcodeproj; sourceTree = "<group>"; };
		FA10108B1E0BAD8F00D8715B /* ogreplugins.xcodeproj */ = {isa = PBXFileReference; lastKnownFileType = "wrapper.pb-project"; name = ogreplugins.xcodeproj; path = Frameworks/ogre/ogreplugins/ogreplugins.xcodeproj; sourceTree = "<group>"; };
		FA1010911E0BAD9700D8715B /* ogrerendersystems.xcodeproj */ = {isa = PBXFileReference; lastKnownFileType = "wrapper.pb-project"; name = ogrerendersystems.xcodeproj; path = Frameworks/ogre/ogrerendersystems/ogrerendersystems.xcodeproj; sourceTree = "<group>"; };
		FA10129B1E0BDA1400D8715B /* OgrePlayerViewController.h */ = {isa = PBXFileReference; fileEncoding = 4; lastKnownFileType = sourcecode.c.h; path = OgrePlayerViewController.h; sourceTree = "<group>"; };
		FA10129C1E0BDA1400D8715B /* OgrePlayerViewController.mm */ = {isa = PBXFileReference; fileEncoding = 4; lastKnownFileType = sourcecode.cpp.objcpp; path = OgrePlayerViewController.mm; sourceTree = "<group>"; };
		FA10129E1E0BDA3600D8715B /* OgrePlayer.h */ = {isa = PBXFileReference; fileEncoding = 4; lastKnownFileType = sourcecode.c.h; path = OgrePlayer.h; sourceTree = "<group>"; };
		FA10129F1E0BDA3600D8715B /* OgrePlayer.mm */ = {isa = PBXFileReference; fileEncoding = 4; lastKnownFileType = sourcecode.cpp.objcpp; path = OgrePlayer.mm; sourceTree = "<group>"; };
		FA1013AF1E0C1BC300D8715B /* OgreStaticPluginLoader.h */ = {isa = PBXFileReference; fileEncoding = 4; lastKnownFileType = sourcecode.c.h; path = OgreStaticPluginLoader.h; sourceTree = "<group>"; };
		FA1013B01E0C1BC300D8715B /* RTShaderHelper.h */ = {isa = PBXFileReference; fileEncoding = 4; lastKnownFileType = sourcecode.c.h; path = RTShaderHelper.h; sourceTree = "<group>"; };
		FA1013C41E0C296C00D8715B /* IAndroidHandler.h */ = {isa = PBXFileReference; fileEncoding = 4; lastKnownFileType = sourcecode.c.h; path = IAndroidHandler.h; sourceTree = "<group>"; };
		FA1EA9781E0B82F000A20EDB /* libogresdk.a */ = {isa = PBXFileReference; explicitFileType = archive.ar; includeInIndex = 0; path = libogresdk.a; sourceTree = BUILT_PRODUCTS_DIR; };
		FA1EA98B1E0B832400A20EDB /* zzip.xcodeproj */ = {isa = PBXFileReference; lastKnownFileType = "wrapper.pb-project"; name = zzip.xcodeproj; path = Frameworks/zzip/zzip.xcodeproj; sourceTree = "<group>"; };
		FA1EA9C31E0B854D00A20EDB /* ois.xcodeproj */ = {isa = PBXFileReference; lastKnownFileType = "wrapper.pb-project"; name = ois.xcodeproj; path = Frameworks/ois/ois.xcodeproj; sourceTree = "<group>"; };
		FA1EA9F81E0B906300A20EDB /* freetype.xcodeproj */ = {isa = PBXFileReference; lastKnownFileType = "wrapper.pb-project"; name = freetype.xcodeproj; path = Frameworks/freetype/freetype.xcodeproj; sourceTree = "<group>"; };
		FA1EAA731E0B958F00A20EDB /* freeimage.xcodeproj */ = {isa = PBXFileReference; lastKnownFileType = "wrapper.pb-project"; name = freeimage.xcodeproj; path = Frameworks/freeimage/freeimage.xcodeproj; sourceTree = "<group>"; };
		FA1EB2D71E0BAAC500A20EDB /* mygui.xcodeproj */ = {isa = PBXFileReference; lastKnownFileType = "wrapper.pb-project"; name = mygui.xcodeproj; path = Frameworks/mygui/mygui.xcodeproj; sourceTree = "<group>"; };
/* End PBXFileReference section */

/* Begin PBXFrameworksBuildPhase section */
		FA1EA9751E0B82F000A20EDB /* Frameworks */ = {
			isa = PBXFrameworksBuildPhase;
			buildActionMask = 2147483647;
			files = (
				FA1012A41E0C058C00D8715B /* libogrecomponents.a in Frameworks */,
				FA1012A51E0C058C00D8715B /* libogremain.a in Frameworks */,
				FA1012A61E0C058C00D8715B /* libogreplugins.a in Frameworks */,
				FA1012A71E0C058C00D8715B /* libogrerendersystems.a in Frameworks */,
				FA1EB2DD1E0BAAD200A20EDB /* libmygui.a in Frameworks */,
				FA1EAA7D1E0B95BA00A20EDB /* libfreeimage.a in Frameworks */,
				FA1EAA001E0B907200A20EDB /* libfreetype.a in Frameworks */,
				FA1EA9D81E0B858900A20EDB /* libois.a in Frameworks */,
				FA1EA9911E0B832C00A20EDB /* libzzip.a in Frameworks */,
			);
			runOnlyForDeploymentPostprocessing = 0;
		};
/* End PBXFrameworksBuildPhase section */

/* Begin PBXGroup section */
		FA1010801E0BAD7F00D8715B /* Products */ = {
			isa = PBXGroup;
			children = (
				FA1010841E0BAD7F00D8715B /* libogrecomponents.a */,
			);
			name = Products;
			sourceTree = "<group>";
		};
		FA1010861E0BAD8600D8715B /* Products */ = {
			isa = PBXGroup;
			children = (
				FA10108A1E0BAD8700D8715B /* libogremain.a */,
			);
			name = Products;
			sourceTree = "<group>";
		};
		FA10108C1E0BAD8F00D8715B /* Products */ = {
			isa = PBXGroup;
			children = (
				FA1010901E0BAD8F00D8715B /* libogreplugins.a */,
			);
			name = Products;
			sourceTree = "<group>";
		};
		FA1010921E0BAD9700D8715B /* Products */ = {
			isa = PBXGroup;
			children = (
				FA1010961E0BAD9700D8715B /* libogrerendersystems.a */,
			);
			name = Products;
			sourceTree = "<group>";
		};
		FA1EA96F1E0B82F000A20EDB = {
			isa = PBXGroup;
			children = (
				FA1EA98A1E0B831900A20EDB /* Frameworks */,
				FA1EA97A1E0B82F000A20EDB /* ogresdk */,
				FA1EA9791E0B82F000A20EDB /* Products */,
			);
			sourceTree = "<group>";
		};
		FA1EA9791E0B82F000A20EDB /* Products */ = {
			isa = PBXGroup;
			children = (
				FA1EA9781E0B82F000A20EDB /* libogresdk.a */,
			);
			name = Products;
			sourceTree = "<group>";
		};
		FA1EA97A1E0B82F000A20EDB /* ogresdk */ = {
			isa = PBXGroup;
			children = (
				FA1013C41E0C296C00D8715B /* IAndroidHandler.h */,
				FA1013AF1E0C1BC300D8715B /* OgreStaticPluginLoader.h */,
				FA1013B01E0C1BC300D8715B /* RTShaderHelper.h */,
				FA10129B1E0BDA1400D8715B /* OgrePlayerViewController.h */,
				FA10129C1E0BDA1400D8715B /* OgrePlayerViewController.mm */,
				FA10129E1E0BDA3600D8715B /* OgrePlayer.h */,
				FA10129F1E0BDA3600D8715B /* OgrePlayer.mm */,
			);
			path = ogresdk;
			sourceTree = "<group>";
		};
		FA1EA98A1E0B831900A20EDB /* Frameworks */ = {
			isa = PBXGroup;
			children = (
				FA1010911E0BAD9700D8715B /* ogrerendersystems.xcodeproj */,
				FA10108B1E0BAD8F00D8715B /* ogreplugins.xcodeproj */,
				FA1010851E0BAD8600D8715B /* ogremain.xcodeproj */,
				FA10107F1E0BAD7F00D8715B /* ogrecomponents.xcodeproj */,
				FA1EB2D71E0BAAC500A20EDB /* mygui.xcodeproj */,
				FA1EAA731E0B958F00A20EDB /* freeimage.xcodeproj */,
				FA1EA9F81E0B906300A20EDB /* freetype.xcodeproj */,
				FA1EA9C31E0B854D00A20EDB /* ois.xcodeproj */,
				FA1EA98B1E0B832400A20EDB /* zzip.xcodeproj */,
			);
			name = Frameworks;
			sourceTree = "<group>";
		};
		FA1EA98C1E0B832400A20EDB /* Products */ = {
			isa = PBXGroup;
			children = (
				FA1EA9901E0B832400A20EDB /* libzzip.a */,
			);
			name = Products;
			sourceTree = "<group>";
		};
		FA1EA9C41E0B854D00A20EDB /* Products */ = {
			isa = PBXGroup;
			children = (
				FA1EA9C81E0B854D00A20EDB /* libois.a */,
			);
			name = Products;
			sourceTree = "<group>";
		};
		FA1EA9F91E0B906300A20EDB /* Products */ = {
			isa = PBXGroup;
			children = (
				FA1EA9FD1E0B906300A20EDB /* libfreetype.a */,
			);
			name = Products;
			sourceTree = "<group>";
		};
		FA1EAA741E0B958F00A20EDB /* Products */ = {
			isa = PBXGroup;
			children = (
				FA1EAA781E0B959000A20EDB /* libfreeimage.a */,
			);
			name = Products;
			sourceTree = "<group>";
		};
		FA1EB2D81E0BAAC500A20EDB /* Products */ = {
			isa = PBXGroup;
			children = (
				FA1EB2DC1E0BAAC500A20EDB /* libmygui.a */,
			);
			name = Products;
			sourceTree = "<group>";
		};
/* End PBXGroup section */

/* Begin PBXNativeTarget section */
		FA1EA9771E0B82F000A20EDB /* ogresdk */ = {
			isa = PBXNativeTarget;
			buildConfigurationList = FA1EA9811E0B82F000A20EDB /* Build configuration list for PBXNativeTarget "ogresdk" */;
			buildPhases = (
				FA1EA9741E0B82F000A20EDB /* Sources */,
				FA1EA9751E0B82F000A20EDB /* Frameworks */,
				FA1EA9761E0B82F000A20EDB /* CopyFiles */,
			);
			buildRules = (
			);
			dependencies = (
			);
			name = ogresdk;
			productName = ogresdk;
			productReference = FA1EA9781E0B82F000A20EDB /* libogresdk.a */;
			productType = "com.apple.product-type.library.static";
		};
/* End PBXNativeTarget section */

/* Begin PBXProject section */
		FA1EA9701E0B82F000A20EDB /* Project object */ = {
			isa = PBXProject;
			attributes = {
				LastUpgradeCheck = 0810;
				ORGANIZATIONNAME = "liu enbao";
				TargetAttributes = {
					FA1EA9771E0B82F000A20EDB = {
						CreatedOnToolsVersion = 8.1;
						ProvisioningStyle = Automatic;
					};
				};
			};
			buildConfigurationList = FA1EA9731E0B82F000A20EDB /* Build configuration list for PBXProject "ogresdk" */;
			compatibilityVersion = "Xcode 3.2";
			developmentRegion = English;
			hasScannedForEncodings = 0;
			knownRegions = (
				en,
			);
			mainGroup = FA1EA96F1E0B82F000A20EDB;
			productRefGroup = FA1EA9791E0B82F000A20EDB /* Products */;
			projectDirPath = "";
			projectReferences = (
				{
					ProductGroup = FA1EAA741E0B958F00A20EDB /* Products */;
					ProjectRef = FA1EAA731E0B958F00A20EDB /* freeimage.xcodeproj */;
				},
				{
					ProductGroup = FA1EA9F91E0B906300A20EDB /* Products */;
					ProjectRef = FA1EA9F81E0B906300A20EDB /* freetype.xcodeproj */;
				},
				{
					ProductGroup = FA1EB2D81E0BAAC500A20EDB /* Products */;
					ProjectRef = FA1EB2D71E0BAAC500A20EDB /* mygui.xcodeproj */;
				},
				{
					ProductGroup = FA1010801E0BAD7F00D8715B /* Products */;
					ProjectRef = FA10107F1E0BAD7F00D8715B /* ogrecomponents.xcodeproj */;
				},
				{
					ProductGroup = FA1010861E0BAD8600D8715B /* Products */;
					ProjectRef = FA1010851E0BAD8600D8715B /* ogremain.xcodeproj */;
				},
				{
					ProductGroup = FA10108C1E0BAD8F00D8715B /* Products */;
					ProjectRef = FA10108B1E0BAD8F00D8715B /* ogreplugins.xcodeproj */;
				},
				{
					ProductGroup = FA1010921E0BAD9700D8715B /* Products */;
					ProjectRef = FA1010911E0BAD9700D8715B /* ogrerendersystems.xcodeproj */;
				},
				{
					ProductGroup = FA1EA9C41E0B854D00A20EDB /* Products */;
					ProjectRef = FA1EA9C31E0B854D00A20EDB /* ois.xcodeproj */;
				},
				{
					ProductGroup = FA1EA98C1E0B832400A20EDB /* Products */;
					ProjectRef = FA1EA98B1E0B832400A20EDB /* zzip.xcodeproj */;
				},
			);
			projectRoot = "";
			targets = (
				FA1EA9771E0B82F000A20EDB /* ogresdk */,
			);
		};
/* End PBXProject section */

/* Begin PBXReferenceProxy section */
		FA1010841E0BAD7F00D8715B /* libogrecomponents.a */ = {
			isa = PBXReferenceProxy;
			fileType = archive.ar;
			path = libogrecomponents.a;
			remoteRef = FA1010831E0BAD7F00D8715B /* PBXContainerItemProxy */;
			sourceTree = BUILT_PRODUCTS_DIR;
		};
		FA10108A1E0BAD8700D8715B /* libogremain.a */ = {
			isa = PBXReferenceProxy;
			fileType = archive.ar;
			path = libogremain.a;
			remoteRef = FA1010891E0BAD8700D8715B /* PBXContainerItemProxy */;
			sourceTree = BUILT_PRODUCTS_DIR;
		};
		FA1010901E0BAD8F00D8715B /* libogreplugins.a */ = {
			isa = PBXReferenceProxy;
			fileType = archive.ar;
			path = libogreplugins.a;
			remoteRef = FA10108F1E0BAD8F00D8715B /* PBXContainerItemProxy */;
			sourceTree = BUILT_PRODUCTS_DIR;
		};
		FA1010961E0BAD9700D8715B /* libogrerendersystems.a */ = {
			isa = PBXReferenceProxy;
			fileType = archive.ar;
			path = libogrerendersystems.a;
			remoteRef = FA1010951E0BAD9700D8715B /* PBXContainerItemProxy */;
			sourceTree = BUILT_PRODUCTS_DIR;
		};
		FA1EA9901E0B832400A20EDB /* libzzip.a */ = {
			isa = PBXReferenceProxy;
			fileType = archive.ar;
			path = libzzip.a;
			remoteRef = FA1EA98F1E0B832400A20EDB /* PBXContainerItemProxy */;
			sourceTree = BUILT_PRODUCTS_DIR;
		};
		FA1EA9C81E0B854D00A20EDB /* libois.a */ = {
			isa = PBXReferenceProxy;
			fileType = archive.ar;
			path = libois.a;
			remoteRef = FA1EA9C71E0B854D00A20EDB /* PBXContainerItemProxy */;
			sourceTree = BUILT_PRODUCTS_DIR;
		};
		FA1EA9FD1E0B906300A20EDB /* libfreetype.a */ = {
			isa = PBXReferenceProxy;
			fileType = archive.ar;
			path = libfreetype.a;
			remoteRef = FA1EA9FC1E0B906300A20EDB /* PBXContainerItemProxy */;
			sourceTree = BUILT_PRODUCTS_DIR;
		};
		FA1EAA781E0B959000A20EDB /* libfreeimage.a */ = {
			isa = PBXReferenceProxy;
			fileType = archive.ar;
			path = libfreeimage.a;
			remoteRef = FA1EAA771E0B959000A20EDB /* PBXContainerItemProxy */;
			sourceTree = BUILT_PRODUCTS_DIR;
		};
		FA1EB2DC1E0BAAC500A20EDB /* libmygui.a */ = {
			isa = PBXReferenceProxy;
			fileType = archive.ar;
			path = libmygui.a;
			remoteRef = FA1EB2DB1E0BAAC500A20EDB /* PBXContainerItemProxy */;
			sourceTree = BUILT_PRODUCTS_DIR;
		};
/* End PBXReferenceProxy section */

/* Begin PBXSourcesBuildPhase section */
		FA1EA9741E0B82F000A20EDB /* Sources */ = {
			isa = PBXSourcesBuildPhase;
			buildActionMask = 2147483647;
			files = (
				FA10129D1E0BDA1400D8715B /* OgrePlayerViewController.mm in Sources */,
				FA1012A01E0BDA3600D8715B /* OgrePlayer.mm in Sources */,
			);
			runOnlyForDeploymentPostprocessing = 0;
		};
/* End PBXSourcesBuildPhase section */

/* Begin XCBuildConfiguration section */
		FA1EA97F1E0B82F000A20EDB /* Debug */ = {
			isa = XCBuildConfiguration;
			buildSettings = {
				ALWAYS_SEARCH_USER_PATHS = NO;
				CLANG_ANALYZER_NONNULL = YES;
				CLANG_CXX_LANGUAGE_STANDARD = "gnu++0x";
				CLANG_CXX_LIBRARY = "libc++";
				CLANG_ENABLE_MODULES = YES;
				CLANG_ENABLE_OBJC_ARC = YES;
				CLANG_WARN_BOOL_CONVERSION = YES;
				CLANG_WARN_CONSTANT_CONVERSION = YES;
				CLANG_WARN_DIRECT_OBJC_ISA_USAGE = YES_ERROR;
				CLANG_WARN_DOCUMENTATION_COMMENTS = YES;
				CLANG_WARN_EMPTY_BODY = YES;
				CLANG_WARN_ENUM_CONVERSION = YES;
				CLANG_WARN_INFINITE_RECURSION = YES;
				CLANG_WARN_INT_CONVERSION = YES;
				CLANG_WARN_OBJC_ROOT_CLASS = YES_ERROR;
				CLANG_WARN_SUSPICIOUS_MOVES = YES;
				CLANG_WARN_UNREACHABLE_CODE = YES;
				CLANG_WARN__DUPLICATE_METHOD_MATCH = YES;
				"CODE_SIGN_IDENTITY[sdk=iphoneos*]" = "iPhone Developer";
				COPY_PHASE_STRIP = NO;
				DEBUG_INFORMATION_FORMAT = dwarf;
				ENABLE_STRICT_OBJC_MSGSEND = YES;
				ENABLE_TESTABILITY = YES;
				GCC_C_LANGUAGE_STANDARD = gnu99;
				GCC_DYNAMIC_NO_PIC = NO;
				GCC_NO_COMMON_BLOCKS = YES;
				GCC_OPTIMIZATION_LEVEL = 0;
				GCC_PREPROCESSOR_DEFINITIONS = (
					"DEBUG=1",
					"$(inherited)",
				);
				GCC_WARN_64_TO_32_BIT_CONVERSION = YES;
				GCC_WARN_ABOUT_RETURN_TYPE = YES_ERROR;
				GCC_WARN_UNDECLARED_SELECTOR = YES;
				GCC_WARN_UNINITIALIZED_AUTOS = YES_AGGRESSIVE;
				GCC_WARN_UNUSED_FUNCTION = YES;
				GCC_WARN_UNUSED_VARIABLE = YES;
				IPHONEOS_DEPLOYMENT_TARGET = 8.0;
				MTL_ENABLE_DEBUG_INFO = YES;
				ONLY_ACTIVE_ARCH = YES;
				SDKROOT = iphoneos;
			};
			name = Debug;
		};
		FA1EA9801E0B82F000A20EDB /* Release */ = {
			isa = XCBuildConfiguration;
			buildSettings = {
				ALWAYS_SEARCH_USER_PATHS = NO;
				CLANG_ANALYZER_NONNULL = YES;
				CLANG_CXX_LANGUAGE_STANDARD = "gnu++0x";
				CLANG_CXX_LIBRARY = "libc++";
				CLANG_ENABLE_MODULES = YES;
				CLANG_ENABLE_OBJC_ARC = YES;
				CLANG_WARN_BOOL_CONVERSION = YES;
				CLANG_WARN_CONSTANT_CONVERSION = YES;
				CLANG_WARN_DIRECT_OBJC_ISA_USAGE = YES_ERROR;
				CLANG_WARN_DOCUMENTATION_COMMENTS = YES;
				CLANG_WARN_EMPTY_BODY = YES;
				CLANG_WARN_ENUM_CONVERSION = YES;
				CLANG_WARN_INFINITE_RECURSION = YES;
				CLANG_WARN_INT_CONVERSION = YES;
				CLANG_WARN_OBJC_ROOT_CLASS = YES_ERROR;
				CLANG_WARN_SUSPICIOUS_MOVES = YES;
				CLANG_WARN_UNREACHABLE_CODE = YES;
				CLANG_WARN__DUPLICATE_METHOD_MATCH = YES;
				"CODE_SIGN_IDENTITY[sdk=iphoneos*]" = "iPhone Developer";
				COPY_PHASE_STRIP = NO;
				DEBUG_INFORMATION_FORMAT = "dwarf-with-dsym";
				ENABLE_NS_ASSERTIONS = NO;
				ENABLE_STRICT_OBJC_MSGSEND = YES;
				GCC_C_LANGUAGE_STANDARD = gnu99;
				GCC_NO_COMMON_BLOCKS = YES;
				GCC_WARN_64_TO_32_BIT_CONVERSION = YES;
				GCC_WARN_ABOUT_RETURN_TYPE = YES_ERROR;
				GCC_WARN_UNDECLARED_SELECTOR = YES;
				GCC_WARN_UNINITIALIZED_AUTOS = YES_AGGRESSIVE;
				GCC_WARN_UNUSED_FUNCTION = YES;
				GCC_WARN_UNUSED_VARIABLE = YES;
				IPHONEOS_DEPLOYMENT_TARGET = 8.0;
				MTL_ENABLE_DEBUG_INFO = NO;
				SDKROOT = iphoneos;
				VALIDATE_PRODUCT = YES;
			};
			name = Release;
		};
		FA1EA9821E0B82F000A20EDB /* Debug */ = {
			isa = XCBuildConfiguration;
			buildSettings = {
				HEADER_SEARCH_PATHS = (
					"$(SOURCE_ROOT)/../../../../Source/Ogre/OgreMain/include",
					"$(SOURCE_ROOT)/../../../../Source/Ogre/RenderSystems/GLES2/include",
				);
				OTHER_LDFLAGS = "-ObjC";
				PRODUCT_NAME = "$(TARGET_NAME)";
				SKIP_INSTALL = YES;
				USER_HEADER_SEARCH_PATHS = "$(SOURCE_ROOT)/Frameworks/ogre $(SOURCE_ROOT)/../../../../Source/Ogre/OgreMain/include $(SOURCE_ROOT)/../../../../Source/Ogre/Components/RTShaderSystem/include $(SOURCE_ROOT)/../../../../Source/Ogre/Components/Overlay/include $(SOURCE_ROOT)/../../../../Source/Ogre/PlugIns/OctreeSceneManager/include $(SOURCE_ROOT)/../../../../Source/Ogre/PlugIns/ParticleFX/include $(SOURCE_ROOT)/../../../../Source/Ogre/RenderSystems/GLES2/include $(SOURCE_ROOT)/../../../../Source/Ogre/RenderSystems/GLES2/include/EAGL $(SOURCE_ROOT)/../../../../Source/MyGUI/MyGUIEngine/include $(SOURCE_ROOT)/../../../../Source/MyGUI/Platforms/Ogre/OgrePlatform/include";
			};
			name = Debug;
		};
		FA1EA9831E0B82F000A20EDB /* Release */ = {
			isa = XCBuildConfiguration;
			buildSettings = {
				HEADER_SEARCH_PATHS = (
					"$(SOURCE_ROOT)/../../../../Source/Ogre/OgreMain/include",
					"$(SOURCE_ROOT)/../../../../Source/Ogre/RenderSystems/GLES2/include",
				);
				OTHER_LDFLAGS = "-ObjC";
				PRODUCT_NAME = "$(TARGET_NAME)";
				SKIP_INSTALL = YES;
				USER_HEADER_SEARCH_PATHS = "$(SOURCE_ROOT)/Frameworks/ogre $(SOURCE_ROOT)/../../../../Source/Ogre/OgreMain/include $(SOURCE_ROOT)/../../../../Source/Ogre/Components/RTShaderSystem/include $(SOURCE_ROOT)/../../../../Source/Ogre/Components/Overlay/include $(SOURCE_ROOT)/../../../../Source/Ogre/PlugIns/OctreeSceneManager/include $(SOURCE_ROOT)/../../../../Source/Ogre/PlugIns/ParticleFX/include $(SOURCE_ROOT)/../../../../Source/Ogre/RenderSystems/GLES2/include $(SOURCE_ROOT)/../../../../Source/Ogre/RenderSystems/GLES2/include/EAGL $(SOURCE_ROOT)/../../../../Source/MyGUI/MyGUIEngine/include $(SOURCE_ROOT)/../../../../Source/MyGUI/Platforms/Ogre/OgrePlatform/include";
			};
			name = Release;
		};
/* End XCBuildConfiguration section */

/* Begin XCConfigurationList section */
		FA1EA9731E0B82F000A20EDB /* Build configuration list for PBXProject "ogresdk" */ = {
			isa = XCConfigurationList;
			buildConfigurations = (
				FA1EA97F1E0B82F000A20EDB /* Debug */,
				FA1EA9801E0B82F000A20EDB /* Release */,
			);
			defaultConfigurationIsVisible = 0;
			defaultConfigurationName = Release;
		};
		FA1EA9811E0B82F000A20EDB /* Build configuration list for PBXNativeTarget "ogresdk" */ = {
			isa = XCConfigurationList;
			buildConfigurations = (
				FA1EA9821E0B82F000A20EDB /* Debug */,
				FA1EA9831E0B82F000A20EDB /* Release */,
			);
			defaultConfigurationIsVisible = 0;
			defaultConfigurationName = Release;
		};
/* End XCConfigurationList section */
	};
	rootObject = FA1EA9701E0B82F000A20EDB /* Project object */;
}
