// !$*UTF8*$!
{
	archiveVersion = 1;
	classes = {
	};
	objectVersion = 46;
	objects = {

/* Begin PBXBuildFile section */
		FA10129D1E0BDA1400D8715B /* OgrePlayerViewController.mm in Sources */ = {isa = PBXBuildFile; fileRef = FA10129C1E0BDA1400D8715B /* OgrePlayerViewController.mm */; };
		FA1012A01E0BDA3600D8715B /* OgrePlayer.mm in Sources */ = {isa = PBXBuildFile; fileRef = FA10129F1E0BDA3600D8715B /* OgrePlayer.mm */; };
		FA678C4A1E0E6AD200EFD8BB /* libfreeimage.a in Frameworks */ = {isa = PBXBuildFile; fileRef = FA678C311E0E6A5E00EFD8BB /* libfreeimage.a */; };
		FA678C4B1E0E6AD200EFD8BB /* libfreetype.a in Frameworks */ = {isa = PBXBuildFile; fileRef = FA678C341E0E6A5E00EFD8BB /* libfreetype.a */; };
		FA678C4C1E0E6AD200EFD8BB /* libmygui.a in Frameworks */ = {isa = PBXBuildFile; fileRef = FA678C371E0E6A5E00EFD8BB /* libmygui.a */; };
		FA678C4D1E0E6AD200EFD8BB /* libogrecomponents.a in Frameworks */ = {isa = PBXBuildFile; fileRef = FA678C3A1E0E6A5E00EFD8BB /* libogrecomponents.a */; };
		FA678C4E1E0E6AD200EFD8BB /* libogremain.a in Frameworks */ = {isa = PBXBuildFile; fileRef = FA678C3D1E0E6A5E00EFD8BB /* libogremain.a */; };
		FA678C4F1E0E6AD200EFD8BB /* libogreplugins.a in Frameworks */ = {isa = PBXBuildFile; fileRef = FA678C401E0E6A5E00EFD8BB /* libogreplugins.a */; };
		FA678C501E0E6AD200EFD8BB /* libogrerendersystems.a in Frameworks */ = {isa = PBXBuildFile; fileRef = FA678C431E0E6A5E00EFD8BB /* libogrerendersystems.a */; };
		FA678C511E0E6AD200EFD8BB /* libois.a in Frameworks */ = {isa = PBXBuildFile; fileRef = FA678C461E0E6A5E00EFD8BB /* libois.a */; };
		FA678C521E0E6AD200EFD8BB /* libzzip.a in Frameworks */ = {isa = PBXBuildFile; fileRef = FA678C491E0E6A5E00EFD8BB /* libzzip.a */; };
		FA6795CB1E0E777300EFD8BB /* OgreBaseApp.mm in Sources */ = {isa = PBXBuildFile; fileRef = FA6795C91E0E777300EFD8BB /* OgreBaseApp.mm */; };
		FA6795DD1E0E822200EFD8BB /* ReflexCpp.cpp in Sources */ = {isa = PBXBuildFile; fileRef = FA6795DC1E0E822200EFD8BB /* ReflexCpp.cpp */; };
		FA6795E11E0EC22700EFD8BB /* OgreMultiTouch.cpp in Sources */ = {isa = PBXBuildFile; fileRef = FA6795E01E0EC22700EFD8BB /* OgreMultiTouch.cpp */; };
/* End PBXBuildFile section */

/* Begin PBXContainerItemProxy section */
		FA678C301E0E6A5E00EFD8BB /* PBXContainerItemProxy */ = {
			isa = PBXContainerItemProxy;
			containerPortal = FA678C021E0E6A5D00EFD8BB /* freeimage.xcodeproj */;
			proxyType = 2;
			remoteGlobalIDString = FA1EAA671E0B958400A20EDB;
			remoteInfo = freeimage;
		};
		FA678C331E0E6A5E00EFD8BB /* PBXContainerItemProxy */ = {
			isa = PBXContainerItemProxy;
			containerPortal = FA678C071E0E6A5E00EFD8BB /* freetype.xcodeproj */;
			proxyType = 2;
			remoteGlobalIDString = FA1EA9EC1E0B905900A20EDB;
			remoteInfo = freetype;
		};
		FA678C361E0E6A5E00EFD8BB /* PBXContainerItemProxy */ = {
			isa = PBXContainerItemProxy;
			containerPortal = FA678C0C1E0E6A5E00EFD8BB /* mygui.xcodeproj */;
			proxyType = 2;
			remoteGlobalIDString = FA1EB2CB1E0BAA9B00A20EDB;
			remoteInfo = mygui;
		};
		FA678C391E0E6A5E00EFD8BB /* PBXContainerItemProxy */ = {
			isa = PBXContainerItemProxy;
			containerPortal = FA678C131E0E6A5E00EFD8BB /* ogrecomponents.xcodeproj */;
			proxyType = 2;
			remoteGlobalIDString = FA1EB0C01E0BA05400A20EDB;
			remoteInfo = ogrecomponents;
		};
		FA678C3C1E0E6A5E00EFD8BB /* PBXContainerItemProxy */ = {
			isa = PBXContainerItemProxy;
			containerPortal = FA678C181E0E6A5E00EFD8BB /* ogremain.xcodeproj */;
			proxyType = 2;
			remoteGlobalIDString = FA1EAEA11E0B9FE200A20EDB;
			remoteInfo = ogremain;
		};
		FA678C3F1E0E6A5E00EFD8BB /* PBXContainerItemProxy */ = {
			isa = PBXContainerItemProxy;
			containerPortal = FA678C1D1E0E6A5E00EFD8BB /* ogreplugins.xcodeproj */;
			proxyType = 2;
			remoteGlobalIDString = FA1EB0AB1E0BA04200A20EDB;
			remoteInfo = ogreplugins;
		};
		FA678C421E0E6A5E00EFD8BB /* PBXContainerItemProxy */ = {
			isa = PBXContainerItemProxy;
			containerPortal = FA678C221E0E6A5E00EFD8BB /* ogrerendersystems.xcodeproj */;
			proxyType = 2;
			remoteGlobalIDString = FA1EB0D51E0BA06200A20EDB;
			remoteInfo = ogrerendersystems;
		};
		FA678C451E0E6A5E00EFD8BB /* PBXContainerItemProxy */ = {
			isa = PBXContainerItemProxy;
			containerPortal = FA678C271E0E6A5E00EFD8BB /* ois.xcodeproj */;
			proxyType = 2;
			remoteGlobalIDString = FA1EA9B71E0B853600A20EDB;
			remoteInfo = ois;
		};
		FA678C481E0E6A5E00EFD8BB /* PBXContainerItemProxy */ = {
			isa = PBXContainerItemProxy;
			containerPortal = FA678C2C1E0E6A5E00EFD8BB /* zzip.xcodeproj */;
			proxyType = 2;
			remoteGlobalIDString = FA1EA9471E0B825F00A20EDB;
			remoteInfo = zzip;
		};
/* End PBXContainerItemProxy section */

/* Begin PBXCopyFilesBuildPhase section */
		FA1EA9761E0B82F000A20EDB /* CopyFiles */ = {
			isa = PBXCopyFilesBuildPhase;
			buildActionMask = 2147483647;
			dstPath = "include/$(PRODUCT_NAME)";
			dstSubfolderSpec = 16;
			files = (
			);
			runOnlyForDeploymentPostprocessing = 0;
		};
/* End PBXCopyFilesBuildPhase section */

/* Begin PBXFileReference section */
		FA10129B1E0BDA1400D8715B /* OgrePlayerViewController.h */ = {isa = PBXFileReference; fileEncoding = 4; lastKnownFileType = sourcecode.c.h; path = OgrePlayerViewController.h; sourceTree = "<group>"; };
		FA10129C1E0BDA1400D8715B /* OgrePlayerViewController.mm */ = {isa = PBXFileReference; fileEncoding = 4; lastKnownFileType = sourcecode.cpp.objcpp; path = OgrePlayerViewController.mm; sourceTree = "<group>"; };
		FA10129E1E0BDA3600D8715B /* OgrePlayer.h */ = {isa = PBXFileReference; fileEncoding = 4; lastKnownFileType = sourcecode.c.h; path = OgrePlayer.h; sourceTree = "<group>"; };
		FA10129F1E0BDA3600D8715B /* OgrePlayer.mm */ = {isa = PBXFileReference; fileEncoding = 4; lastKnownFileType = sourcecode.cpp.objcpp; path = OgrePlayer.mm; sourceTree = "<group>"; };
		FA1013AF1E0C1BC300D8715B /* OgreStaticPluginLoader.h */ = {isa = PBXFileReference; fileEncoding = 4; lastKnownFileType = sourcecode.c.h; path = OgreStaticPluginLoader.h; sourceTree = "<group>"; };
		FA1013B01E0C1BC300D8715B /* RTShaderHelper.h */ = {isa = PBXFileReference; fileEncoding = 4; lastKnownFileType = sourcecode.c.h; path = RTShaderHelper.h; sourceTree = "<group>"; };
		FA1013C41E0C296C00D8715B /* IAppLifeCycle.h */ = {isa = PBXFileReference; fileEncoding = 4; lastKnownFileType = sourcecode.c.h; path = IAppLifeCycle.h; sourceTree = "<group>"; };
		FA1EA9781E0B82F000A20EDB /* libogresdk.a */ = {isa = PBXFileReference; explicitFileType = archive.ar; includeInIndex = 0; path = libogresdk.a; sourceTree = BUILT_PRODUCTS_DIR; };
		FA678C021E0E6A5D00EFD8BB /* freeimage.xcodeproj */ = {isa = PBXFileReference; lastKnownFileType = "wrapper.pb-project"; path = freeimage.xcodeproj; sourceTree = "<group>"; };
		FA678C071E0E6A5E00EFD8BB /* freetype.xcodeproj */ = {isa = PBXFileReference; lastKnownFileType = "wrapper.pb-project"; path = freetype.xcodeproj; sourceTree = "<group>"; };
		FA678C0C1E0E6A5E00EFD8BB /* mygui.xcodeproj */ = {isa = PBXFileReference; lastKnownFileType = "wrapper.pb-project"; path = mygui.xcodeproj; sourceTree = "<group>"; };
		FA678C101E0E6A5E00EFD8BB /* OgreBuildSettings.h */ = {isa = PBXFileReference; fileEncoding = 4; lastKnownFileType = sourcecode.c.h; path = OgreBuildSettings.h; sourceTree = "<group>"; };
		FA678C131E0E6A5E00EFD8BB /* ogrecomponents.xcodeproj */ = {isa = PBXFileReference; lastKnownFileType = "wrapper.pb-project"; path = ogrecomponents.xcodeproj; sourceTree = "<group>"; };
		FA678C181E0E6A5E00EFD8BB /* ogremain.xcodeproj */ = {isa = PBXFileReference; lastKnownFileType = "wrapper.pb-project"; path = ogremain.xcodeproj; sourceTree = "<group>"; };
		FA678C1D1E0E6A5E00EFD8BB /* ogreplugins.xcodeproj */ = {isa = PBXFileReference; lastKnownFileType = "wrapper.pb-project"; path = ogreplugins.xcodeproj; sourceTree = "<group>"; };
		FA678C221E0E6A5E00EFD8BB /* ogrerendersystems.xcodeproj */ = {isa = PBXFileReference; lastKnownFileType = "wrapper.pb-project"; path = ogrerendersystems.xcodeproj; sourceTree = "<group>"; };
		FA678C271E0E6A5E00EFD8BB /* ois.xcodeproj */ = {isa = PBXFileReference; lastKnownFileType = "wrapper.pb-project"; path = ois.xcodeproj; sourceTree = "<group>"; };
		FA678C2C1E0E6A5E00EFD8BB /* zzip.xcodeproj */ = {isa = PBXFileReference; lastKnownFileType = "wrapper.pb-project"; path = zzip.xcodeproj; sourceTree = "<group>"; };
		FA6795C91E0E777300EFD8BB /* OgreBaseApp.mm */ = {isa = PBXFileReference; fileEncoding = 4; lastKnownFileType = sourcecode.cpp.objcpp; path = OgreBaseApp.mm; sourceTree = "<group>"; };
		FA6795CA1E0E777300EFD8BB /* OgreBaseApp.h */ = {isa = PBXFileReference; fileEncoding = 4; lastKnownFileType = sourcecode.c.h; path = OgreBaseApp.h; sourceTree = "<group>"; };
		FA6795D91E0E7DE000EFD8BB /* IAppInterface.h */ = {isa = PBXFileReference; lastKnownFileType = sourcecode.c.h; path = IAppInterface.h; sourceTree = "<group>"; };
		FA6795DA1E0E80A400EFD8BB /* OgreApplicationMain.h */ = {isa = PBXFileReference; lastKnownFileType = sourcecode.c.h; path = OgreApplicationMain.h; sourceTree = "<group>"; };
		FA6795DB1E0E812F00EFD8BB /* ReflexCpp.h */ = {isa = PBXFileReference; lastKnownFileType = sourcecode.c.h; path = ReflexCpp.h; sourceTree = "<group>"; };
		FA6795DC1E0E822200EFD8BB /* ReflexCpp.cpp */ = {isa = PBXFileReference; fileEncoding = 4; lastKnownFileType = sourcecode.cpp.cpp; path = ReflexCpp.cpp; sourceTree = "<group>"; };
		FA6795DE1E0E8C0900EFD8BB /* Any.h */ = {isa = PBXFileReference; fileEncoding = 4; lastKnownFileType = sourcecode.c.h; path = Any.h; sourceTree = "<group>"; };
		FA6795DF1E0EBCEC00EFD8BB /* OgreMultiTouch.h */ = {isa = PBXFileReference; lastKnownFileType = sourcecode.c.h; path = OgreMultiTouch.h; sourceTree = "<group>"; };
		FA6795E01E0EC22700EFD8BB /* OgreMultiTouch.cpp */ = {isa = PBXFileReference; fileEncoding = 4; lastKnownFileType = sourcecode.cpp.cpp; path = OgreMultiTouch.cpp; sourceTree = "<group>"; };
/* End PBXFileReference section */

/* Begin PBXFrameworksBuildPhase section */
		FA1EA9751E0B82F000A20EDB /* Frameworks */ = {
			isa = PBXFrameworksBuildPhase;
			buildActionMask = 2147483647;
			files = (
				FA678C4A1E0E6AD200EFD8BB /* libfreeimage.a in Frameworks */,
				FA678C4B1E0E6AD200EFD8BB /* libfreetype.a in Frameworks */,
				FA678C4C1E0E6AD200EFD8BB /* libmygui.a in Frameworks */,
				FA678C4D1E0E6AD200EFD8BB /* libogrecomponents.a in Frameworks */,
				FA678C4E1E0E6AD200EFD8BB /* libogremain.a in Frameworks */,
				FA678C4F1E0E6AD200EFD8BB /* libogreplugins.a in Frameworks */,
				FA678C501E0E6AD200EFD8BB /* libogrerendersystems.a in Frameworks */,
				FA678C511E0E6AD200EFD8BB /* libois.a in Frameworks */,
				FA678C521E0E6AD200EFD8BB /* libzzip.a in Frameworks */,
			);
			runOnlyForDeploymentPostprocessing = 0;
		};
/* End PBXFrameworksBuildPhase section */

/* Begin PBXGroup section */
		FA1EA96F1E0B82F000A20EDB = {
			isa = PBXGroup;
			children = (
				FA678BFF1E0E6A5D00EFD8BB /* Frameworks */,
				FA1EA97A1E0B82F000A20EDB /* ogresdk */,
				FA1EA9791E0B82F000A20EDB /* Products */,
			);
			sourceTree = "<group>";
		};
		FA1EA9791E0B82F000A20EDB /* Products */ = {
			isa = PBXGroup;
			children = (
				FA1EA9781E0B82F000A20EDB /* libogresdk.a */,
			);
			name = Products;
			sourceTree = "<group>";
		};
		FA1EA97A1E0B82F000A20EDB /* ogresdk */ = {
			isa = PBXGroup;
			children = (
				FA6795DE1E0E8C0900EFD8BB /* Any.h */,
				FA1013C41E0C296C00D8715B /* IAppLifeCycle.h */,
				FA1013AF1E0C1BC300D8715B /* OgreStaticPluginLoader.h */,
				FA1013B01E0C1BC300D8715B /* RTShaderHelper.h */,
				FA10129B1E0BDA1400D8715B /* OgrePlayerViewController.h */,
				FA10129C1E0BDA1400D8715B /* OgrePlayerViewController.mm */,
				FA10129E1E0BDA3600D8715B /* OgrePlayer.h */,
				FA10129F1E0BDA3600D8715B /* OgrePlayer.mm */,
				FA6795C91E0E777300EFD8BB /* OgreBaseApp.mm */,
				FA6795CA1E0E777300EFD8BB /* OgreBaseApp.h */,
				FA6795D91E0E7DE000EFD8BB /* IAppInterface.h */,
				FA6795DA1E0E80A400EFD8BB /* OgreApplicationMain.h */,
				FA6795DB1E0E812F00EFD8BB /* ReflexCpp.h */,
				FA6795DC1E0E822200EFD8BB /* ReflexCpp.cpp */,
				FA6795DF1E0EBCEC00EFD8BB /* OgreMultiTouch.h */,
				FA6795E01E0EC22700EFD8BB /* OgreMultiTouch.cpp */,
			);
			path = ogresdk;
			sourceTree = "<group>";
		};
		FA678BFF1E0E6A5D00EFD8BB /* Frameworks */ = {
			isa = PBXGroup;
			children = (
				FA678C001E0E6A5D00EFD8BB /* freeimage */,
				FA678C051E0E6A5E00EFD8BB /* freetype */,
				FA678C0A1E0E6A5E00EFD8BB /* mygui */,
				FA678C0F1E0E6A5E00EFD8BB /* ogre */,
				FA678C251E0E6A5E00EFD8BB /* ois */,
				FA678C2A1E0E6A5E00EFD8BB /* zzip */,
			);
			path = Frameworks;
			sourceTree = "<group>";
		};
		FA678C001E0E6A5D00EFD8BB /* freeimage */ = {
			isa = PBXGroup;
			children = (
				FA678C021E0E6A5D00EFD8BB /* freeimage.xcodeproj */,
			);
			path = freeimage;
			sourceTree = "<group>";
		};
		FA678C031E0E6A5D00EFD8BB /* Products */ = {
			isa = PBXGroup;
			children = (
				FA678C311E0E6A5E00EFD8BB /* libfreeimage.a */,
			);
			name = Products;
			sourceTree = "<group>";
		};
		FA678C051E0E6A5E00EFD8BB /* freetype */ = {
			isa = PBXGroup;
			children = (
				FA678C071E0E6A5E00EFD8BB /* freetype.xcodeproj */,
			);
			path = freetype;
			sourceTree = "<group>";
		};
		FA678C081E0E6A5E00EFD8BB /* Products */ = {
			isa = PBXGroup;
			children = (
				FA678C341E0E6A5E00EFD8BB /* libfreetype.a */,
			);
			name = Products;
			sourceTree = "<group>";
		};
		FA678C0A1E0E6A5E00EFD8BB /* mygui */ = {
			isa = PBXGroup;
			children = (
				FA678C0C1E0E6A5E00EFD8BB /* mygui.xcodeproj */,
			);
			path = mygui;
			sourceTree = "<group>";
		};
		FA678C0D1E0E6A5E00EFD8BB /* Products */ = {
			isa = PBXGroup;
			children = (
				FA678C371E0E6A5E00EFD8BB /* libmygui.a */,
			);
			name = Products;
			sourceTree = "<group>";
		};
		FA678C0F1E0E6A5E00EFD8BB /* ogre */ = {
			isa = PBXGroup;
			children = (
				FA678C101E0E6A5E00EFD8BB /* OgreBuildSettings.h */,
				FA678C111E0E6A5E00EFD8BB /* ogrecomponents */,
				FA678C161E0E6A5E00EFD8BB /* ogremain */,
				FA678C1B1E0E6A5E00EFD8BB /* ogreplugins */,
				FA678C201E0E6A5E00EFD8BB /* ogrerendersystems */,
			);
			path = ogre;
			sourceTree = "<group>";
		};
		FA678C111E0E6A5E00EFD8BB /* ogrecomponents */ = {
			isa = PBXGroup;
			children = (
				FA678C131E0E6A5E00EFD8BB /* ogrecomponents.xcodeproj */,
			);
			path = ogrecomponents;
			sourceTree = "<group>";
		};
		FA678C141E0E6A5E00EFD8BB /* Products */ = {
			isa = PBXGroup;
			children = (
				FA678C3A1E0E6A5E00EFD8BB /* libogrecomponents.a */,
			);
			name = Products;
			sourceTree = "<group>";
		};
		FA678C161E0E6A5E00EFD8BB /* ogremain */ = {
			isa = PBXGroup;
			children = (
				FA678C181E0E6A5E00EFD8BB /* ogremain.xcodeproj */,
			);
			path = ogremain;
			sourceTree = "<group>";
		};
		FA678C191E0E6A5E00EFD8BB /* Products */ = {
			isa = PBXGroup;
			children = (
				FA678C3D1E0E6A5E00EFD8BB /* libogremain.a */,
			);
			name = Products;
			sourceTree = "<group>";
		};
		FA678C1B1E0E6A5E00EFD8BB /* ogreplugins */ = {
			isa = PBXGroup;
			children = (
				FA678C1D1E0E6A5E00EFD8BB /* ogreplugins.xcodeproj */,
			);
			path = ogreplugins;
			sourceTree = "<group>";
		};
		FA678C1E1E0E6A5E00EFD8BB /* Products */ = {
			isa = PBXGroup;
			children = (
				FA678C401E0E6A5E00EFD8BB /* libogreplugins.a */,
			);
			name = Products;
			sourceTree = "<group>";
		};
		FA678C201E0E6A5E00EFD8BB /* ogrerendersystems */ = {
			isa = PBXGroup;
			children = (
				FA678C221E0E6A5E00EFD8BB /* ogrerendersystems.xcodeproj */,
			);
			path = ogrerendersystems;
			sourceTree = "<group>";
		};
		FA678C231E0E6A5E00EFD8BB /* Products */ = {
			isa = PBXGroup;
			children = (
				FA678C431E0E6A5E00EFD8BB /* libogrerendersystems.a */,
			);
			name = Products;
			sourceTree = "<group>";
		};
		FA678C251E0E6A5E00EFD8BB /* ois */ = {
			isa = PBXGroup;
			children = (
				FA678C271E0E6A5E00EFD8BB /* ois.xcodeproj */,
			);
			path = ois;
			sourceTree = "<group>";
		};
		FA678C281E0E6A5E00EFD8BB /* Products */ = {
			isa = PBXGroup;
			children = (
				FA678C461E0E6A5E00EFD8BB /* libois.a */,
			);
			name = Products;
			sourceTree = "<group>";
		};
		FA678C2A1E0E6A5E00EFD8BB /* zzip */ = {
			isa = PBXGroup;
			children = (
				FA678C2C1E0E6A5E00EFD8BB /* zzip.xcodeproj */,
			);
			path = zzip;
			sourceTree = "<group>";
		};
		FA678C2D1E0E6A5E00EFD8BB /* Products */ = {
			isa = PBXGroup;
			children = (
				FA678C491E0E6A5E00EFD8BB /* libzzip.a */,
			);
			name = Products;
			sourceTree = "<group>";
		};
/* End PBXGroup section */

/* Begin PBXNativeTarget section */
		FA1EA9771E0B82F000A20EDB /* ogresdk */ = {
			isa = PBXNativeTarget;
			buildConfigurationList = FA1EA9811E0B82F000A20EDB /* Build configuration list for PBXNativeTarget "ogresdk" */;
			buildPhases = (
				FA1EA9741E0B82F000A20EDB /* Sources */,
				FA1EA9751E0B82F000A20EDB /* Frameworks */,
				FA1EA9761E0B82F000A20EDB /* CopyFiles */,
			);
			buildRules = (
			);
			dependencies = (
			);
			name = ogresdk;
			productName = ogresdk;
			productReference = FA1EA9781E0B82F000A20EDB /* libogresdk.a */;
			productType = "com.apple.product-type.library.static";
		};
/* End PBXNativeTarget section */

/* Begin PBXProject section */
		FA1EA9701E0B82F000A20EDB /* Project object */ = {
			isa = PBXProject;
			attributes = {
				LastUpgradeCheck = 0810;
				ORGANIZATIONNAME = "liu enbao";
				TargetAttributes = {
					FA1EA9771E0B82F000A20EDB = {
						CreatedOnToolsVersion = 8.1;
						ProvisioningStyle = Automatic;
					};
				};
			};
			buildConfigurationList = FA1EA9731E0B82F000A20EDB /* Build configuration list for PBXProject "ogresdk" */;
			compatibilityVersion = "Xcode 3.2";
			developmentRegion = English;
			hasScannedForEncodings = 0;
			knownRegions = (
				en,
			);
			mainGroup = FA1EA96F1E0B82F000A20EDB;
			productRefGroup = FA1EA9791E0B82F000A20EDB /* Products */;
			projectDirPath = "";
			projectReferences = (
				{
					ProductGroup = FA678C031E0E6A5D00EFD8BB /* Products */;
					ProjectRef = FA678C021E0E6A5D00EFD8BB /* freeimage.xcodeproj */;
				},
				{
					ProductGroup = FA678C081E0E6A5E00EFD8BB /* Products */;
					ProjectRef = FA678C071E0E6A5E00EFD8BB /* freetype.xcodeproj */;
				},
				{
					ProductGroup = FA678C0D1E0E6A5E00EFD8BB /* Products */;
					ProjectRef = FA678C0C1E0E6A5E00EFD8BB /* mygui.xcodeproj */;
				},
				{
					ProductGroup = FA678C141E0E6A5E00EFD8BB /* Products */;
					ProjectRef = FA678C131E0E6A5E00EFD8BB /* ogrecomponents.xcodeproj */;
				},
				{
					ProductGroup = FA678C191E0E6A5E00EFD8BB /* Products */;
					ProjectRef = FA678C181E0E6A5E00EFD8BB /* ogremain.xcodeproj */;
				},
				{
					ProductGroup = FA678C1E1E0E6A5E00EFD8BB /* Products */;
					ProjectRef = FA678C1D1E0E6A5E00EFD8BB /* ogreplugins.xcodeproj */;
				},
				{
					ProductGroup = FA678C231E0E6A5E00EFD8BB /* Products */;
					ProjectRef = FA678C221E0E6A5E00EFD8BB /* ogrerendersystems.xcodeproj */;
				},
				{
					ProductGroup = FA678C281E0E6A5E00EFD8BB /* Products */;
					ProjectRef = FA678C271E0E6A5E00EFD8BB /* ois.xcodeproj */;
				},
				{
					ProductGroup = FA678C2D1E0E6A5E00EFD8BB /* Products */;
					ProjectRef = FA678C2C1E0E6A5E00EFD8BB /* zzip.xcodeproj */;
				},
			);
			projectRoot = "";
			targets = (
				FA1EA9771E0B82F000A20EDB /* ogresdk */,
			);
		};
/* End PBXProject section */

/* Begin PBXReferenceProxy section */
		FA678C311E0E6A5E00EFD8BB /* libfreeimage.a */ = {
			isa = PBXReferenceProxy;
			fileType = archive.ar;
			path = libfreeimage.a;
			remoteRef = FA678C301E0E6A5E00EFD8BB /* PBXContainerItemProxy */;
			sourceTree = BUILT_PRODUCTS_DIR;
		};
		FA678C341E0E6A5E00EFD8BB /* libfreetype.a */ = {
			isa = PBXReferenceProxy;
			fileType = archive.ar;
			path = libfreetype.a;
			remoteRef = FA678C331E0E6A5E00EFD8BB /* PBXContainerItemProxy */;
			sourceTree = BUILT_PRODUCTS_DIR;
		};
		FA678C371E0E6A5E00EFD8BB /* libmygui.a */ = {
			isa = PBXReferenceProxy;
			fileType = archive.ar;
			path = libmygui.a;
			remoteRef = FA678C361E0E6A5E00EFD8BB /* PBXContainerItemProxy */;
			sourceTree = BUILT_PRODUCTS_DIR;
		};
		FA678C3A1E0E6A5E00EFD8BB /* libogrecomponents.a */ = {
			isa = PBXReferenceProxy;
			fileType = archive.ar;
			path = libogrecomponents.a;
			remoteRef = FA678C391E0E6A5E00EFD8BB /* PBXContainerItemProxy */;
			sourceTree = BUILT_PRODUCTS_DIR;
		};
		FA678C3D1E0E6A5E00EFD8BB /* libogremain.a */ = {
			isa = PBXReferenceProxy;
			fileType = archive.ar;
			path = libogremain.a;
			remoteRef = FA678C3C1E0E6A5E00EFD8BB /* PBXContainerItemProxy */;
			sourceTree = BUILT_PRODUCTS_DIR;
		};
		FA678C401E0E6A5E00EFD8BB /* libogreplugins.a */ = {
			isa = PBXReferenceProxy;
			fileType = archive.ar;
			path = libogreplugins.a;
			remoteRef = FA678C3F1E0E6A5E00EFD8BB /* PBXContainerItemProxy */;
			sourceTree = BUILT_PRODUCTS_DIR;
		};
		FA678C431E0E6A5E00EFD8BB /* libogrerendersystems.a */ = {
			isa = PBXReferenceProxy;
			fileType = archive.ar;
			path = libogrerendersystems.a;
			remoteRef = FA678C421E0E6A5E00EFD8BB /* PBXContainerItemProxy */;
			sourceTree = BUILT_PRODUCTS_DIR;
		};
		FA678C461E0E6A5E00EFD8BB /* libois.a */ = {
			isa = PBXReferenceProxy;
			fileType = archive.ar;
			path = libois.a;
			remoteRef = FA678C451E0E6A5E00EFD8BB /* PBXContainerItemProxy */;
			sourceTree = BUILT_PRODUCTS_DIR;
		};
		FA678C491E0E6A5E00EFD8BB /* libzzip.a */ = {
			isa = PBXReferenceProxy;
			fileType = archive.ar;
			path = libzzip.a;
			remoteRef = FA678C481E0E6A5E00EFD8BB /* PBXContainerItemProxy */;
			sourceTree = BUILT_PRODUCTS_DIR;
		};
/* End PBXReferenceProxy section */

/* Begin PBXSourcesBuildPhase section */
		FA1EA9741E0B82F000A20EDB /* Sources */ = {
			isa = PBXSourcesBuildPhase;
			buildActionMask = 2147483647;
			files = (
				FA6795E11E0EC22700EFD8BB /* OgreMultiTouch.cpp in Sources */,
				FA10129D1E0BDA1400D8715B /* OgrePlayerViewController.mm in Sources */,
				FA6795DD1E0E822200EFD8BB /* ReflexCpp.cpp in Sources */,
				FA1012A01E0BDA3600D8715B /* OgrePlayer.mm in Sources */,
				FA6795CB1E0E777300EFD8BB /* OgreBaseApp.mm in Sources */,
			);
			runOnlyForDeploymentPostprocessing = 0;
		};
/* End PBXSourcesBuildPhase section */

/* Begin XCBuildConfiguration section */
		FA1EA97F1E0B82F000A20EDB /* Debug */ = {
			isa = XCBuildConfiguration;
			buildSettings = {
				ALWAYS_SEARCH_USER_PATHS = NO;
				CLANG_ANALYZER_NONNULL = YES;
				CLANG_CXX_LANGUAGE_STANDARD = "gnu++0x";
				CLANG_CXX_LIBRARY = "libc++";
				CLANG_ENABLE_MODULES = YES;
				CLANG_ENABLE_OBJC_ARC = YES;
				CLANG_WARN_BOOL_CONVERSION = YES;
				CLANG_WARN_CONSTANT_CONVERSION = YES;
				CLANG_WARN_DIRECT_OBJC_ISA_USAGE = YES_ERROR;
				CLANG_WARN_DOCUMENTATION_COMMENTS = YES;
				CLANG_WARN_EMPTY_BODY = YES;
				CLANG_WARN_ENUM_CONVERSION = YES;
				CLANG_WARN_INFINITE_RECURSION = YES;
				CLANG_WARN_INT_CONVERSION = YES;
				CLANG_WARN_OBJC_ROOT_CLASS = YES_ERROR;
				CLANG_WARN_SUSPICIOUS_MOVES = YES;
				CLANG_WARN_UNREACHABLE_CODE = YES;
				CLANG_WARN__DUPLICATE_METHOD_MATCH = YES;
				"CODE_SIGN_IDENTITY[sdk=iphoneos*]" = "iPhone Developer";
				COPY_PHASE_STRIP = NO;
				DEBUG_INFORMATION_FORMAT = dwarf;
				ENABLE_STRICT_OBJC_MSGSEND = YES;
				ENABLE_TESTABILITY = YES;
				GCC_C_LANGUAGE_STANDARD = gnu99;
				GCC_DYNAMIC_NO_PIC = NO;
				GCC_NO_COMMON_BLOCKS = YES;
				GCC_OPTIMIZATION_LEVEL = 0;
				GCC_PREPROCESSOR_DEFINITIONS = (
					"DEBUG=1",
					"$(inherited)",
				);
				GCC_WARN_64_TO_32_BIT_CONVERSION = YES;
				GCC_WARN_ABOUT_RETURN_TYPE = YES_ERROR;
				GCC_WARN_UNDECLARED_SELECTOR = YES;
				GCC_WARN_UNINITIALIZED_AUTOS = YES_AGGRESSIVE;
				GCC_WARN_UNUSED_FUNCTION = YES;
				GCC_WARN_UNUSED_VARIABLE = YES;
				IPHONEOS_DEPLOYMENT_TARGET = 8.0;
				MTL_ENABLE_DEBUG_INFO = YES;
				ONLY_ACTIVE_ARCH = YES;
				SDKROOT = iphoneos;
			};
			name = Debug;
		};
		FA1EA9801E0B82F000A20EDB /* Release */ = {
			isa = XCBuildConfiguration;
			buildSettings = {
				ALWAYS_SEARCH_USER_PATHS = NO;
				CLANG_ANALYZER_NONNULL = YES;
				CLANG_CXX_LANGUAGE_STANDARD = "gnu++0x";
				CLANG_CXX_LIBRARY = "libc++";
				CLANG_ENABLE_MODULES = YES;
				CLANG_ENABLE_OBJC_ARC = YES;
				CLANG_WARN_BOOL_CONVERSION = YES;
				CLANG_WARN_CONSTANT_CONVERSION = YES;
				CLANG_WARN_DIRECT_OBJC_ISA_USAGE = YES_ERROR;
				CLANG_WARN_DOCUMENTATION_COMMENTS = YES;
				CLANG_WARN_EMPTY_BODY = YES;
				CLANG_WARN_ENUM_CONVERSION = YES;
				CLANG_WARN_INFINITE_RECURSION = YES;
				CLANG_WARN_INT_CONVERSION = YES;
				CLANG_WARN_OBJC_ROOT_CLASS = YES_ERROR;
				CLANG_WARN_SUSPICIOUS_MOVES = YES;
				CLANG_WARN_UNREACHABLE_CODE = YES;
				CLANG_WARN__DUPLICATE_METHOD_MATCH = YES;
				"CODE_SIGN_IDENTITY[sdk=iphoneos*]" = "iPhone Developer";
				COPY_PHASE_STRIP = NO;
				DEBUG_INFORMATION_FORMAT = "dwarf-with-dsym";
				ENABLE_NS_ASSERTIONS = NO;
				ENABLE_STRICT_OBJC_MSGSEND = YES;
				GCC_C_LANGUAGE_STANDARD = gnu99;
				GCC_NO_COMMON_BLOCKS = YES;
				GCC_WARN_64_TO_32_BIT_CONVERSION = YES;
				GCC_WARN_ABOUT_RETURN_TYPE = YES_ERROR;
				GCC_WARN_UNDECLARED_SELECTOR = YES;
				GCC_WARN_UNINITIALIZED_AUTOS = YES_AGGRESSIVE;
				GCC_WARN_UNUSED_FUNCTION = YES;
				GCC_WARN_UNUSED_VARIABLE = YES;
				IPHONEOS_DEPLOYMENT_TARGET = 8.0;
				MTL_ENABLE_DEBUG_INFO = NO;
				SDKROOT = iphoneos;
				VALIDATE_PRODUCT = YES;
			};
			name = Release;
		};
		FA1EA9821E0B82F000A20EDB /* Debug */ = {
			isa = XCBuildConfiguration;
			buildSettings = {
				HEADER_SEARCH_PATHS = (
					"$(SOURCE_ROOT)/../../../../Source/Ogre/OgreMain/include",
					"$(SOURCE_ROOT)/../../../../Source/Ogre/RenderSystems/GLES2/include",
					"$(SOURCE_ROOT)/../../../../Source/ois/includes",
				);
				OTHER_LDFLAGS = "-ObjC";
				PRODUCT_NAME = "$(TARGET_NAME)";
				SKIP_INSTALL = YES;
				USER_HEADER_SEARCH_PATHS = "$(SOURCE_ROOT)/Frameworks/ogre $(SOURCE_ROOT)/../../../../Source/Ogre/OgreMain/include $(SOURCE_ROOT)/../../../../Source/Ogre/Components/RTShaderSystem/include $(SOURCE_ROOT)/../../../../Source/Ogre/Components/Overlay/include $(SOURCE_ROOT)/../../../../Source/Ogre/PlugIns/OctreeSceneManager/include $(SOURCE_ROOT)/../../../../Source/Ogre/PlugIns/ParticleFX/include $(SOURCE_ROOT)/../../../../Source/Ogre/RenderSystems/GLES2/include $(SOURCE_ROOT)/../../../../Source/Ogre/RenderSystems/GLES2/include/EAGL $(SOURCE_ROOT)/../../../../Source/MyGUI/MyGUIEngine/include $(SOURCE_ROOT)/../../../../Source/MyGUI/Platforms/Ogre/OgrePlatform/include $(SOURCE_ROOT)/../../../../Source/ois/includes";
			};
			name = Debug;
		};
		FA1EA9831E0B82F000A20EDB /* Release */ = {
			isa = XCBuildConfiguration;
			buildSettings = {
				HEADER_SEARCH_PATHS = (
					"$(SOURCE_ROOT)/../../../../Source/Ogre/OgreMain/include",
					"$(SOURCE_ROOT)/../../../../Source/Ogre/RenderSystems/GLES2/include",
					"$(SOURCE_ROOT)/../../../../Source/ois/includes",
				);
				OTHER_LDFLAGS = "-ObjC";
				PRODUCT_NAME = "$(TARGET_NAME)";
				SKIP_INSTALL = YES;
				USER_HEADER_SEARCH_PATHS = "$(SOURCE_ROOT)/Frameworks/ogre $(SOURCE_ROOT)/../../../../Source/Ogre/OgreMain/include $(SOURCE_ROOT)/../../../../Source/Ogre/Components/RTShaderSystem/include $(SOURCE_ROOT)/../../../../Source/Ogre/Components/Overlay/include $(SOURCE_ROOT)/../../../../Source/Ogre/PlugIns/OctreeSceneManager/include $(SOURCE_ROOT)/../../../../Source/Ogre/PlugIns/ParticleFX/include $(SOURCE_ROOT)/../../../../Source/Ogre/RenderSystems/GLES2/include $(SOURCE_ROOT)/../../../../Source/Ogre/RenderSystems/GLES2/include/EAGL $(SOURCE_ROOT)/../../../../Source/MyGUI/MyGUIEngine/include $(SOURCE_ROOT)/../../../../Source/MyGUI/Platforms/Ogre/OgrePlatform/include $(SOURCE_ROOT)/../../../../Source/ois/includes";
			};
			name = Release;
		};
/* End XCBuildConfiguration section */

/* Begin XCConfigurationList section */
		FA1EA9731E0B82F000A20EDB /* Build configuration list for PBXProject "ogresdk" */ = {
			isa = XCConfigurationList;
			buildConfigurations = (
				FA1EA97F1E0B82F000A20EDB /* Debug */,
				FA1EA9801E0B82F000A20EDB /* Release */,
			);
			defaultConfigurationIsVisible = 0;
			defaultConfigurationName = Release;
		};
		FA1EA9811E0B82F000A20EDB /* Build configuration list for PBXNativeTarget "ogresdk" */ = {
			isa = XCConfigurationList;
			buildConfigurations = (
				FA1EA9821E0B82F000A20EDB /* Debug */,
				FA1EA9831E0B82F000A20EDB /* Release */,
			);
			defaultConfigurationIsVisible = 0;
			defaultConfigurationName = Release;
		};
/* End XCConfigurationList section */
	};
	rootObject = FA1EA9701E0B82F000A20EDB /* Project object */;
}
